
Microsoft Visual Studio Solution File, Format Version 12.00
# Visual Studio Version 16
VisualStudioVersion = 16.0.31829.152
MinimumVisualStudioVersion = 10.0.40219.1
Project("{FAE04EC0-301F-11D3-BF4B-00C04F79EFBC}") = "Actiondelegate", "Actiondelegate.csproj", "{397A42C2-0FF3-4FEF-80B1-C94E5051AFBE}"
EndProject
Global
	GlobalSection(SolutionConfigurationPlatforms) = preSolution
		Debug|Any CPU = Debug|Any CPU
		Release|Any CPU = Release|Any CPU
	EndGlobalSection
	GlobalSection(ProjectConfigurationPlatforms) = postSolution
		{397A42C2-0FF3-4FEF-80B1-C94E5051AFBE}.Debug|Any CPU.ActiveCfg = Debug|Any CPU
		{397A42C2-0FF3-4FEF-80B1-C94E5051AFBE}.Debug|Any CPU.Build.0 = Debug|Any CPU
		{397A42C2-0FF3-4FEF-80B1-C94E5051AFBE}.Release|Any CPU.ActiveCfg = Release|Any CPU
		{397A42C2-0FF3-4FEF-80B1-C94E5051AFBE}.Release|Any CPU.Build.0 = Release|Any CPU
	EndGlobalSection
	GlobalSection(SolutionProperties) = preSolution
		HideSolutionNode = FALSE
	EndGlobalSection
	GlobalSection(ExtensibilityGlobals) = postSolution
		SolutionGuid = {6CA158B4-D19B-4428-A0D0-D163BDBB2888}
	EndGlobalSection
EndGlobal
